
Microsoft Visual Studio Solution File, Format Version 12.00
# Visual Studio Version 16
VisualStudioVersion = 16.0.29306.81
MinimumVisualStudioVersion = 10.0.40219.1
Project("{FAE04EC0-301F-11D3-BF4B-00C04F79EFBC}") = "SlideShow", "SlideShow.csproj", "{DA9FCA70-CD8B-492A-9B44-F7AFDB074DC0}"
EndProject
Global
	GlobalSection(SolutionConfigurationPlatforms) = preSolution
		Debug|Any CPU = Debug|Any CPU
		Release|Any CPU = Release|Any CPU
	EndGlobalSection
	GlobalSection(ProjectConfigurationPlatforms) = postSolution
		{DA9FCA70-CD8B-492A-9B44-F7AFDB074DC0}.Debug|Any CPU.ActiveCfg = Debug|Any CPU
		{DA9FCA70-CD8B-492A-9B44-F7AFDB074DC0}.Debug|Any CPU.Build.0 = Debug|Any CPU
		{DA9FCA70-CD8B-492A-9B44-F7AFDB074DC0}.Release|Any CPU.ActiveCfg = Release|Any CPU
		{DA9FCA70-CD8B-492A-9B44-F7AFDB074DC0}.Release|Any CPU.Build.0 = Release|Any CPU
	EndGlobalSection
	GlobalSection(SolutionProperties) = preSolution
		HideSolutionNode = FALSE
	EndGlobalSection
	GlobalSection(ExtensibilityGlobals) = postSolution
		SolutionGuid = {B8973774-70D0-4644-9C3A-6D2FBEA2AA63}
	EndGlobalSection
EndGlobal
